// !$*UTF8*$!
{
	archiveVersion = 1;
	classes = {
	};
	objectVersion = 51;
	objects = {

/* Begin PBXBuildFile section */
		0323C15F242EB6A20074856A /* SocketIOManager.swift in Sources */ = {isa = PBXBuildFile; fileRef = 0323C15E242EB6A20074856A /* SocketIOManager.swift */; };
		032B6D382426B40E00F7AA13 /* LoadingViewController.swift in Sources */ = {isa = PBXBuildFile; fileRef = 032B6D372426B40E00F7AA13 /* LoadingViewController.swift */; };
		033602432427AF4B00925975 /* DrawingViewController.swift in Sources */ = {isa = PBXBuildFile; fileRef = 033602422427AF4B00925975 /* DrawingViewController.swift */; };
		03506C02243257EE0052DE06 /* TimerSetting.swift in Sources */ = {isa = PBXBuildFile; fileRef = 03506C01243257EE0052DE06 /* TimerSetting.swift */; };
		03506C0424329D990052DE06 /* GameConstants.swift in Sources */ = {isa = PBXBuildFile; fileRef = 03506C0324329D990052DE06 /* GameConstants.swift */; };
		037582F22448AD5800B67C3C /* WaitingViewController.swift in Sources */ = {isa = PBXBuildFile; fileRef = 037582F12448AD5800B67C3C /* WaitingViewController.swift */; };
		037582F42448CF7D00B67C3C /* ScoreTableViewCell.swift in Sources */ = {isa = PBXBuildFile; fileRef = 037582F32448CF7D00B67C3C /* ScoreTableViewCell.swift */; };
		037582F62448EA2600B67C3C /* Player.swift in Sources */ = {isa = PBXBuildFile; fileRef = 037582F52448EA2600B67C3C /* Player.swift */; };
		0381AAB5243F6D7900C4E1DE /* Message.swift in Sources */ = {isa = PBXBuildFile; fileRef = 0381AAB4243F6D7900C4E1DE /* Message.swift */; };
		03B100E8242973E7009418D2 /* GuessingViewController.swift in Sources */ = {isa = PBXBuildFile; fileRef = 03B100E7242973E7009418D2 /* GuessingViewController.swift */; };
		03B6DD352422CDEB00CC0B7F /* AppDelegate.swift in Sources */ = {isa = PBXBuildFile; fileRef = 03B6DD342422CDEB00CC0B7F /* AppDelegate.swift */; };
		03B6DD372422CDEB00CC0B7F /* SceneDelegate.swift in Sources */ = {isa = PBXBuildFile; fileRef = 03B6DD362422CDEB00CC0B7F /* SceneDelegate.swift */; };
		03B6DD392422CDEB00CC0B7F /* HomeViewController.swift in Sources */ = {isa = PBXBuildFile; fileRef = 03B6DD382422CDEB00CC0B7F /* HomeViewController.swift */; };
		03B6DD3C2422CDEB00CC0B7F /* Main.storyboard in Resources */ = {isa = PBXBuildFile; fileRef = 03B6DD3A2422CDEB00CC0B7F /* Main.storyboard */; };
		03B6DD3F2422CDEB00CC0B7F /* KhatKhati.xcdatamodeld in Sources */ = {isa = PBXBuildFile; fileRef = 03B6DD3D2422CDEB00CC0B7F /* KhatKhati.xcdatamodeld */; };
		03B6DD412422CDEC00CC0B7F /* Assets.xcassets in Resources */ = {isa = PBXBuildFile; fileRef = 03B6DD402422CDEC00CC0B7F /* Assets.xcassets */; };
		03B6DD442422CDEC00CC0B7F /* LaunchScreen.storyboard in Resources */ = {isa = PBXBuildFile; fileRef = 03B6DD422422CDEC00CC0B7F /* LaunchScreen.storyboard */; };
		03B6DD4F2422CDED00CC0B7F /* KhatKhatiTests.swift in Sources */ = {isa = PBXBuildFile; fileRef = 03B6DD4E2422CDED00CC0B7F /* KhatKhatiTests.swift */; };
		03B6DD5A2422CDED00CC0B7F /* KhatKhatiUITests.swift in Sources */ = {isa = PBXBuildFile; fileRef = 03B6DD592422CDED00CC0B7F /* KhatKhatiUITests.swift */; };
		03B6DD6D2422E01000CC0B7F /* CustomButton.swift in Sources */ = {isa = PBXBuildFile; fileRef = 03B6DD6C2422E01000CC0B7F /* CustomButton.swift */; };
		03B6DD732422F4B700CC0B7F /* Vazir-Bold.ttf in Resources */ = {isa = PBXBuildFile; fileRef = 03B6DD6E2422F4B600CC0B7F /* Vazir-Bold.ttf */; };
		03B6DD742422F4B700CC0B7F /* Vazir-Black.ttf in Resources */ = {isa = PBXBuildFile; fileRef = 03B6DD6F2422F4B600CC0B7F /* Vazir-Black.ttf */; };
		03B6DD752422F4B700CC0B7F /* Vazir-Thin.ttf in Resources */ = {isa = PBXBuildFile; fileRef = 03B6DD702422F4B600CC0B7F /* Vazir-Thin.ttf */; };
		03B6DD762422F4B700CC0B7F /* Vazir.ttf in Resources */ = {isa = PBXBuildFile; fileRef = 03B6DD712422F4B600CC0B7F /* Vazir.ttf */; };
		03B6DD772422F4B700CC0B7F /* Vazir-Medium.ttf in Resources */ = {isa = PBXBuildFile; fileRef = 03B6DD722422F4B700CC0B7F /* Vazir-Medium.ttf */; };
		03BA7664243548E200E0B345 /* Drawing.swift in Sources */ = {isa = PBXBuildFile; fileRef = 03BA7663243548E200E0B345 /* Drawing.swift */; };
		03BB1E88243E531C00459FDE /* MessageTableViewCell.swift in Sources */ = {isa = PBXBuildFile; fileRef = 03BB1E87243E531C00459FDE /* MessageTableViewCell.swift */; };
		03C544BD2424EF3B00C4049C /* Color.swift in Sources */ = {isa = PBXBuildFile; fileRef = 03C544BC2424EF3B00C4049C /* Color.swift */; };
		03C544BF2424F0C200C4049C /* Colors.swift in Sources */ = {isa = PBXBuildFile; fileRef = 03C544BE2424F0C200C4049C /* Colors.swift */; };
		03C727282426584300334429 /* GradientView.swift in Sources */ = {isa = PBXBuildFile; fileRef = 03C727272426584300334429 /* GradientView.swift */; };
		03CA7C65243C69D600578B60 /* UIApplication.swift in Sources */ = {isa = PBXBuildFile; fileRef = 03CA7C64243C69D600578B60 /* UIApplication.swift */; };
		03D2FF3F2437503F008D9CB7 /* ChoosingWordViewController.swift in Sources */ = {isa = PBXBuildFile; fileRef = 03D2FF3E2437503F008D9CB7 /* ChoosingWordViewController.swift */; };
		03D2FF412437A875008D9CB7 /* ScoresViewController.swift in Sources */ = {isa = PBXBuildFile; fileRef = 03D2FF402437A875008D9CB7 /* ScoresViewController.swift */; };
		03D5526E24245D8300969560 /* JoinGameViewController.swift in Sources */ = {isa = PBXBuildFile; fileRef = 03D5526D24245D8300969560 /* JoinGameViewController.swift */; };
		03F287DD2423D9FB0024937C /* NewLobbyViewController.swift in Sources */ = {isa = PBXBuildFile; fileRef = 03F287DC2423D9FB0024937C /* NewLobbyViewController.swift */; };
		03F287DF2423F2320024937C /* CustomLabel.swift in Sources */ = {isa = PBXBuildFile; fileRef = 03F287DE2423F2320024937C /* CustomLabel.swift */; };
		4D02B8C3C2CE97CE9F61814F /* Pods_KhatKhati_KhatKhatiUITests.framework in Frameworks */ = {isa = PBXBuildFile; fileRef = 3D4CE308C1B1455638C26E06 /* Pods_KhatKhati_KhatKhatiUITests.framework */; };
		904009CC2792C786C28E523F /* Pods_KhatKhatiTests.framework in Frameworks */ = {isa = PBXBuildFile; fileRef = 08EB2108E0BB2FC31CD3C84C /* Pods_KhatKhatiTests.framework */; };
		F51C49F67F5291DC0F0E58D9 /* Pods_KhatKhati.framework in Frameworks */ = {isa = PBXBuildFile; fileRef = 0B4C524938FE9A8BF7EFEE00 /* Pods_KhatKhati.framework */; };
/* End PBXBuildFile section */

/* Begin PBXContainerItemProxy section */
		03B6DD4B2422CDEC00CC0B7F /* PBXContainerItemProxy */ = {
			isa = PBXContainerItemProxy;
			containerPortal = 03B6DD292422CDEB00CC0B7F /* Project object */;
			proxyType = 1;
			remoteGlobalIDString = 03B6DD302422CDEB00CC0B7F;
			remoteInfo = KhatKhati;
		};
		03B6DD562422CDED00CC0B7F /* PBXContainerItemProxy */ = {
			isa = PBXContainerItemProxy;
			containerPortal = 03B6DD292422CDEB00CC0B7F /* Project object */;
			proxyType = 1;
			remoteGlobalIDString = 03B6DD302422CDEB00CC0B7F;
			remoteInfo = KhatKhati;
		};
/* End PBXContainerItemProxy section */

/* Begin PBXFileReference section */
		0323C15E242EB6A20074856A /* SocketIOManager.swift */ = {isa = PBXFileReference; lastKnownFileType = sourcecode.swift; path = SocketIOManager.swift; sourceTree = "<group>"; };
		032B6D372426B40E00F7AA13 /* LoadingViewController.swift */ = {isa = PBXFileReference; lastKnownFileType = sourcecode.swift; path = LoadingViewController.swift; sourceTree = "<group>"; };
		033602422427AF4B00925975 /* DrawingViewController.swift */ = {isa = PBXFileReference; lastKnownFileType = sourcecode.swift; path = DrawingViewController.swift; sourceTree = "<group>"; };
		03506C01243257EE0052DE06 /* TimerSetting.swift */ = {isa = PBXFileReference; lastKnownFileType = sourcecode.swift; path = TimerSetting.swift; sourceTree = "<group>"; };
		03506C0324329D990052DE06 /* GameConstants.swift */ = {isa = PBXFileReference; lastKnownFileType = sourcecode.swift; path = GameConstants.swift; sourceTree = "<group>"; };
		037582F12448AD5800B67C3C /* WaitingViewController.swift */ = {isa = PBXFileReference; lastKnownFileType = sourcecode.swift; path = WaitingViewController.swift; sourceTree = "<group>"; };
		037582F32448CF7D00B67C3C /* ScoreTableViewCell.swift */ = {isa = PBXFileReference; lastKnownFileType = sourcecode.swift; path = ScoreTableViewCell.swift; sourceTree = "<group>"; };
		037582F52448EA2600B67C3C /* Player.swift */ = {isa = PBXFileReference; lastKnownFileType = sourcecode.swift; path = Player.swift; sourceTree = "<group>"; };
		0381AAB4243F6D7900C4E1DE /* Message.swift */ = {isa = PBXFileReference; lastKnownFileType = sourcecode.swift; path = Message.swift; sourceTree = "<group>"; };
		03B100E7242973E7009418D2 /* GuessingViewController.swift */ = {isa = PBXFileReference; lastKnownFileType = sourcecode.swift; path = GuessingViewController.swift; sourceTree = "<group>"; };
		03B6DD312422CDEB00CC0B7F /* Boomche.app */ = {isa = PBXFileReference; explicitFileType = wrapper.application; includeInIndex = 0; path = Boomche.app; sourceTree = BUILT_PRODUCTS_DIR; };
		03B6DD342422CDEB00CC0B7F /* AppDelegate.swift */ = {isa = PBXFileReference; lastKnownFileType = sourcecode.swift; path = AppDelegate.swift; sourceTree = "<group>"; };
		03B6DD362422CDEB00CC0B7F /* SceneDelegate.swift */ = {isa = PBXFileReference; lastKnownFileType = sourcecode.swift; path = SceneDelegate.swift; sourceTree = "<group>"; };
		03B6DD382422CDEB00CC0B7F /* HomeViewController.swift */ = {isa = PBXFileReference; lastKnownFileType = sourcecode.swift; path = HomeViewController.swift; sourceTree = "<group>"; };
		03B6DD3B2422CDEB00CC0B7F /* Base */ = {isa = PBXFileReference; lastKnownFileType = file.storyboard; name = Base; path = Base.lproj/Main.storyboard; sourceTree = "<group>"; };
		03B6DD3E2422CDEB00CC0B7F /* KhatKhati.xcdatamodel */ = {isa = PBXFileReference; lastKnownFileType = wrapper.xcdatamodel; path = KhatKhati.xcdatamodel; sourceTree = "<group>"; };
		03B6DD402422CDEC00CC0B7F /* Assets.xcassets */ = {isa = PBXFileReference; lastKnownFileType = folder.assetcatalog; path = Assets.xcassets; sourceTree = "<group>"; };
		03B6DD432422CDEC00CC0B7F /* Base */ = {isa = PBXFileReference; lastKnownFileType = file.storyboard; name = Base; path = Base.lproj/LaunchScreen.storyboard; sourceTree = "<group>"; };
		03B6DD452422CDEC00CC0B7F /* Info.plist */ = {isa = PBXFileReference; lastKnownFileType = text.plist.xml; path = Info.plist; sourceTree = "<group>"; };
		03B6DD4A2422CDEC00CC0B7F /* BoomcheTests.xctest */ = {isa = PBXFileReference; explicitFileType = wrapper.cfbundle; includeInIndex = 0; path = BoomcheTests.xctest; sourceTree = BUILT_PRODUCTS_DIR; };
		03B6DD4E2422CDED00CC0B7F /* KhatKhatiTests.swift */ = {isa = PBXFileReference; lastKnownFileType = sourcecode.swift; path = KhatKhatiTests.swift; sourceTree = "<group>"; };
		03B6DD502422CDED00CC0B7F /* Info.plist */ = {isa = PBXFileReference; lastKnownFileType = text.plist.xml; path = Info.plist; sourceTree = "<group>"; };
		03B6DD552422CDED00CC0B7F /* BoomcheUITests.xctest */ = {isa = PBXFileReference; explicitFileType = wrapper.cfbundle; includeInIndex = 0; path = BoomcheUITests.xctest; sourceTree = BUILT_PRODUCTS_DIR; };
		03B6DD592422CDED00CC0B7F /* KhatKhatiUITests.swift */ = {isa = PBXFileReference; lastKnownFileType = sourcecode.swift; path = KhatKhatiUITests.swift; sourceTree = "<group>"; };
		03B6DD5B2422CDED00CC0B7F /* Info.plist */ = {isa = PBXFileReference; lastKnownFileType = text.plist.xml; path = Info.plist; sourceTree = "<group>"; };
		03B6DD6C2422E01000CC0B7F /* CustomButton.swift */ = {isa = PBXFileReference; lastKnownFileType = sourcecode.swift; path = CustomButton.swift; sourceTree = "<group>"; };
		03B6DD6E2422F4B600CC0B7F /* Vazir-Bold.ttf */ = {isa = PBXFileReference; lastKnownFileType = file; path = "Vazir-Bold.ttf"; sourceTree = "<group>"; };
		03B6DD6F2422F4B600CC0B7F /* Vazir-Black.ttf */ = {isa = PBXFileReference; lastKnownFileType = file; path = "Vazir-Black.ttf"; sourceTree = "<group>"; };
		03B6DD702422F4B600CC0B7F /* Vazir-Thin.ttf */ = {isa = PBXFileReference; lastKnownFileType = file; path = "Vazir-Thin.ttf"; sourceTree = "<group>"; };
		03B6DD712422F4B600CC0B7F /* Vazir.ttf */ = {isa = PBXFileReference; lastKnownFileType = file; path = Vazir.ttf; sourceTree = "<group>"; };
		03B6DD722422F4B700CC0B7F /* Vazir-Medium.ttf */ = {isa = PBXFileReference; lastKnownFileType = file; path = "Vazir-Medium.ttf"; sourceTree = "<group>"; };
		03BA7663243548E200E0B345 /* Drawing.swift */ = {isa = PBXFileReference; lastKnownFileType = sourcecode.swift; path = Drawing.swift; sourceTree = "<group>"; };
		03BB1E87243E531C00459FDE /* MessageTableViewCell.swift */ = {isa = PBXFileReference; lastKnownFileType = sourcecode.swift; path = MessageTableViewCell.swift; sourceTree = "<group>"; };
		03C544BC2424EF3B00C4049C /* Color.swift */ = {isa = PBXFileReference; lastKnownFileType = sourcecode.swift; path = Color.swift; sourceTree = "<group>"; };
		03C544BE2424F0C200C4049C /* Colors.swift */ = {isa = PBXFileReference; lastKnownFileType = sourcecode.swift; path = Colors.swift; sourceTree = "<group>"; };
		03C727272426584300334429 /* GradientView.swift */ = {isa = PBXFileReference; lastKnownFileType = sourcecode.swift; path = GradientView.swift; sourceTree = "<group>"; };
		03CA7C64243C69D600578B60 /* UIApplication.swift */ = {isa = PBXFileReference; lastKnownFileType = sourcecode.swift; path = UIApplication.swift; sourceTree = "<group>"; };
		03D2FF3E2437503F008D9CB7 /* ChoosingWordViewController.swift */ = {isa = PBXFileReference; lastKnownFileType = sourcecode.swift; path = ChoosingWordViewController.swift; sourceTree = "<group>"; };
		03D2FF402437A875008D9CB7 /* ScoresViewController.swift */ = {isa = PBXFileReference; lastKnownFileType = sourcecode.swift; path = ScoresViewController.swift; sourceTree = "<group>"; };
		03D5526D24245D8300969560 /* JoinGameViewController.swift */ = {isa = PBXFileReference; lastKnownFileType = sourcecode.swift; path = JoinGameViewController.swift; sourceTree = "<group>"; };
		03F287DC2423D9FB0024937C /* NewLobbyViewController.swift */ = {isa = PBXFileReference; lastKnownFileType = sourcecode.swift; path = NewLobbyViewController.swift; sourceTree = "<group>"; };
		03F287DE2423F2320024937C /* CustomLabel.swift */ = {isa = PBXFileReference; lastKnownFileType = sourcecode.swift; path = CustomLabel.swift; sourceTree = "<group>"; };
		08EB2108E0BB2FC31CD3C84C /* Pods_KhatKhatiTests.framework */ = {isa = PBXFileReference; explicitFileType = wrapper.framework; includeInIndex = 0; path = Pods_KhatKhatiTests.framework; sourceTree = BUILT_PRODUCTS_DIR; };
		0B4C524938FE9A8BF7EFEE00 /* Pods_KhatKhati.framework */ = {isa = PBXFileReference; explicitFileType = wrapper.framework; includeInIndex = 0; path = Pods_KhatKhati.framework; sourceTree = BUILT_PRODUCTS_DIR; };
		2E44E5E8761B87A77EA99321 /* Pods-KhatKhati.release.xcconfig */ = {isa = PBXFileReference; includeInIndex = 1; lastKnownFileType = text.xcconfig; name = "Pods-KhatKhati.release.xcconfig"; path = "Target Support Files/Pods-KhatKhati/Pods-KhatKhati.release.xcconfig"; sourceTree = "<group>"; };
		3C9759B4171F56EC00C68930 /* Pods-KhatKhati.debug.xcconfig */ = {isa = PBXFileReference; includeInIndex = 1; lastKnownFileType = text.xcconfig; name = "Pods-KhatKhati.debug.xcconfig"; path = "Target Support Files/Pods-KhatKhati/Pods-KhatKhati.debug.xcconfig"; sourceTree = "<group>"; };
		3D4CE308C1B1455638C26E06 /* Pods_KhatKhati_KhatKhatiUITests.framework */ = {isa = PBXFileReference; explicitFileType = wrapper.framework; includeInIndex = 0; path = Pods_KhatKhati_KhatKhatiUITests.framework; sourceTree = BUILT_PRODUCTS_DIR; };
		8676DC8918C964F2D2574E35 /* Pods-KhatKhatiTests.debug.xcconfig */ = {isa = PBXFileReference; includeInIndex = 1; lastKnownFileType = text.xcconfig; name = "Pods-KhatKhatiTests.debug.xcconfig"; path = "Target Support Files/Pods-KhatKhatiTests/Pods-KhatKhatiTests.debug.xcconfig"; sourceTree = "<group>"; };
		99E0B7B55AFDFA858DF42D17 /* Pods-KhatKhatiTests.release.xcconfig */ = {isa = PBXFileReference; includeInIndex = 1; lastKnownFileType = text.xcconfig; name = "Pods-KhatKhatiTests.release.xcconfig"; path = "Target Support Files/Pods-KhatKhatiTests/Pods-KhatKhatiTests.release.xcconfig"; sourceTree = "<group>"; };
		9CB3A168AFFDD51CDB80CCD2 /* Pods-KhatKhati-KhatKhatiUITests.release.xcconfig */ = {isa = PBXFileReference; includeInIndex = 1; lastKnownFileType = text.xcconfig; name = "Pods-KhatKhati-KhatKhatiUITests.release.xcconfig"; path = "Target Support Files/Pods-KhatKhati-KhatKhatiUITests/Pods-KhatKhati-KhatKhatiUITests.release.xcconfig"; sourceTree = "<group>"; };
		E3ED174C318A019BCAA3A2F3 /* Pods-KhatKhati-KhatKhatiUITests.debug.xcconfig */ = {isa = PBXFileReference; includeInIndex = 1; lastKnownFileType = text.xcconfig; name = "Pods-KhatKhati-KhatKhatiUITests.debug.xcconfig"; path = "Target Support Files/Pods-KhatKhati-KhatKhatiUITests/Pods-KhatKhati-KhatKhatiUITests.debug.xcconfig"; sourceTree = "<group>"; };
/* End PBXFileReference section */

/* Begin PBXFrameworksBuildPhase section */
		03B6DD2E2422CDEB00CC0B7F /* Frameworks */ = {
			isa = PBXFrameworksBuildPhase;
			buildActionMask = 2147483647;
			files = (
				F51C49F67F5291DC0F0E58D9 /* Pods_KhatKhati.framework in Frameworks */,
			);
			runOnlyForDeploymentPostprocessing = 0;
		};
		03B6DD472422CDEC00CC0B7F /* Frameworks */ = {
			isa = PBXFrameworksBuildPhase;
			buildActionMask = 2147483647;
			files = (
				904009CC2792C786C28E523F /* Pods_KhatKhatiTests.framework in Frameworks */,
			);
			runOnlyForDeploymentPostprocessing = 0;
		};
		03B6DD522422CDED00CC0B7F /* Frameworks */ = {
			isa = PBXFrameworksBuildPhase;
			buildActionMask = 2147483647;
			files = (
				4D02B8C3C2CE97CE9F61814F /* Pods_KhatKhati_KhatKhatiUITests.framework in Frameworks */,
			);
			runOnlyForDeploymentPostprocessing = 0;
		};
/* End PBXFrameworksBuildPhase section */

/* Begin PBXGroup section */
		03B6DD282422CDEB00CC0B7F = {
			isa = PBXGroup;
			children = (
				03B6DD332422CDEB00CC0B7F /* Boomche */,
				03B6DD4D2422CDEC00CC0B7F /* BoomcheTests */,
				03B6DD582422CDED00CC0B7F /* BoomcheUITests */,
				03B6DD322422CDEB00CC0B7F /* Products */,
				F83240421C8615772B5527E2 /* Pods */,
				DF526716AF6B7993D46A59CA /* Frameworks */,
			);
			sourceTree = "<group>";
		};
		03B6DD322422CDEB00CC0B7F /* Products */ = {
			isa = PBXGroup;
			children = (
				03B6DD312422CDEB00CC0B7F /* Boomche.app */,
				03B6DD4A2422CDEC00CC0B7F /* BoomcheTests.xctest */,
				03B6DD552422CDED00CC0B7F /* BoomcheUITests.xctest */,
			);
			name = Products;
			sourceTree = "<group>";
		};
		03B6DD332422CDEB00CC0B7F /* Boomche */ = {
			isa = PBXGroup;
			children = (
				03B6DD6A2422CE5100CC0B7F /* Model */,
				03B6DD692422CE4B00CC0B7F /* View */,
				03B6DD682422CE4200CC0B7F /* Controller */,
				03B6DD672422CE2F00CC0B7F /* SupportingFiles */,
			);
			path = Boomche;
			sourceTree = "<group>";
		};
		03B6DD4D2422CDEC00CC0B7F /* BoomcheTests */ = {
			isa = PBXGroup;
			children = (
				03B6DD4E2422CDED00CC0B7F /* KhatKhatiTests.swift */,
				03B6DD502422CDED00CC0B7F /* Info.plist */,
			);
			path = BoomcheTests;
			sourceTree = "<group>";
		};
		03B6DD582422CDED00CC0B7F /* BoomcheUITests */ = {
			isa = PBXGroup;
			children = (
				03B6DD592422CDED00CC0B7F /* KhatKhatiUITests.swift */,
				03B6DD5B2422CDED00CC0B7F /* Info.plist */,
			);
			path = BoomcheUITests;
			sourceTree = "<group>";
		};
		03B6DD672422CE2F00CC0B7F /* SupportingFiles */ = {
			isa = PBXGroup;
			children = (
				03F287DB2423D5AA0024937C /* Fonts */,
				03B6DD342422CDEB00CC0B7F /* AppDelegate.swift */,
				03B6DD362422CDEB00CC0B7F /* SceneDelegate.swift */,
				03B6DD402422CDEC00CC0B7F /* Assets.xcassets */,
				03B6DD422422CDEC00CC0B7F /* LaunchScreen.storyboard */,
				03B6DD452422CDEC00CC0B7F /* Info.plist */,
				03B6DD3D2422CDEB00CC0B7F /* KhatKhati.xcdatamodeld */,
			);
			name = SupportingFiles;
			sourceTree = "<group>";
		};
		03B6DD682422CE4200CC0B7F /* Controller */ = {
			isa = PBXGroup;
			children = (
				03B6DD382422CDEB00CC0B7F /* HomeViewController.swift */,
				03F287DC2423D9FB0024937C /* NewLobbyViewController.swift */,
				03D5526D24245D8300969560 /* JoinGameViewController.swift */,
				032B6D372426B40E00F7AA13 /* LoadingViewController.swift */,
				033602422427AF4B00925975 /* DrawingViewController.swift */,
				03B100E7242973E7009418D2 /* GuessingViewController.swift */,
				03D2FF3E2437503F008D9CB7 /* ChoosingWordViewController.swift */,
				037582F12448AD5800B67C3C /* WaitingViewController.swift */,
				03D2FF402437A875008D9CB7 /* ScoresViewController.swift */,
			);
			name = Controller;
			sourceTree = "<group>";
		};
		03B6DD692422CE4B00CC0B7F /* View */ = {
			isa = PBXGroup;
			children = (
				03C544BE2424F0C200C4049C /* Colors.swift */,
				03B6DD6C2422E01000CC0B7F /* CustomButton.swift */,
				03F287DE2423F2320024937C /* CustomLabel.swift */,
				03C727272426584300334429 /* GradientView.swift */,
				03BB1E87243E531C00459FDE /* MessageTableViewCell.swift */,
				037582F32448CF7D00B67C3C /* ScoreTableViewCell.swift */,
				03B6DD3A2422CDEB00CC0B7F /* Main.storyboard */,
			);
			name = View;
			sourceTree = "<group>";
		};
		03B6DD6A2422CE5100CC0B7F /* Model */ = {
			isa = PBXGroup;
			children = (
				03C544BC2424EF3B00C4049C /* Color.swift */,
				0323C15E242EB6A20074856A /* SocketIOManager.swift */,
				03506C01243257EE0052DE06 /* TimerSetting.swift */,
				03506C0324329D990052DE06 /* GameConstants.swift */,
				03BA7663243548E200E0B345 /* Drawing.swift */,
				03CA7C64243C69D600578B60 /* UIApplication.swift */,
				0381AAB4243F6D7900C4E1DE /* Message.swift */,
				037582F52448EA2600B67C3C /* Player.swift */,
			);
			name = Model;
			sourceTree = "<group>";
		};
		03F287DB2423D5AA0024937C /* Fonts */ = {
			isa = PBXGroup;
			children = (
				03B6DD6F2422F4B600CC0B7F /* Vazir-Black.ttf */,
				03B6DD6E2422F4B600CC0B7F /* Vazir-Bold.ttf */,
				03B6DD722422F4B700CC0B7F /* Vazir-Medium.ttf */,
				03B6DD702422F4B600CC0B7F /* Vazir-Thin.ttf */,
				03B6DD712422F4B600CC0B7F /* Vazir.ttf */,
			);
			path = Fonts;
			sourceTree = "<group>";
		};
		DF526716AF6B7993D46A59CA /* Frameworks */ = {
			isa = PBXGroup;
			children = (
				0B4C524938FE9A8BF7EFEE00 /* Pods_KhatKhati.framework */,
				3D4CE308C1B1455638C26E06 /* Pods_KhatKhati_KhatKhatiUITests.framework */,
				08EB2108E0BB2FC31CD3C84C /* Pods_KhatKhatiTests.framework */,
			);
			name = Frameworks;
			sourceTree = "<group>";
		};
		F83240421C8615772B5527E2 /* Pods */ = {
			isa = PBXGroup;
			children = (
				3C9759B4171F56EC00C68930 /* Pods-KhatKhati.debug.xcconfig */,
				2E44E5E8761B87A77EA99321 /* Pods-KhatKhati.release.xcconfig */,
				E3ED174C318A019BCAA3A2F3 /* Pods-KhatKhati-KhatKhatiUITests.debug.xcconfig */,
				9CB3A168AFFDD51CDB80CCD2 /* Pods-KhatKhati-KhatKhatiUITests.release.xcconfig */,
				8676DC8918C964F2D2574E35 /* Pods-KhatKhatiTests.debug.xcconfig */,
				99E0B7B55AFDFA858DF42D17 /* Pods-KhatKhatiTests.release.xcconfig */,
			);
			path = Pods;
			sourceTree = "<group>";
		};
/* End PBXGroup section */

/* Begin PBXNativeTarget section */
		03B6DD302422CDEB00CC0B7F /* Boomche */ = {
			isa = PBXNativeTarget;
			buildConfigurationList = 03B6DD5E2422CDED00CC0B7F /* Build configuration list for PBXNativeTarget "Boomche" */;
			buildPhases = (
				A1FC195D687533161FEF9A2E /* [CP] Check Pods Manifest.lock */,
				03B6DD2D2422CDEB00CC0B7F /* Sources */,
				03B6DD2E2422CDEB00CC0B7F /* Frameworks */,
				03B6DD2F2422CDEB00CC0B7F /* Resources */,
				A0F22CE38799A277CB19CB54 /* [CP] Embed Pods Frameworks */,
			);
			buildRules = (
			);
			dependencies = (
			);
			name = Boomche;
			productName = KhatKhati;
			productReference = 03B6DD312422CDEB00CC0B7F /* Boomche.app */;
			productType = "com.apple.product-type.application";
		};
		03B6DD492422CDEC00CC0B7F /* BoomcheTests */ = {
			isa = PBXNativeTarget;
			buildConfigurationList = 03B6DD612422CDED00CC0B7F /* Build configuration list for PBXNativeTarget "BoomcheTests" */;
			buildPhases = (
				93697609A4876F99EFE07CA9 /* [CP] Check Pods Manifest.lock */,
				03B6DD462422CDEC00CC0B7F /* Sources */,
				03B6DD472422CDEC00CC0B7F /* Frameworks */,
				03B6DD482422CDEC00CC0B7F /* Resources */,
			);
			buildRules = (
			);
			dependencies = (
				03B6DD4C2422CDEC00CC0B7F /* PBXTargetDependency */,
			);
			name = BoomcheTests;
			productName = KhatKhatiTests;
			productReference = 03B6DD4A2422CDEC00CC0B7F /* BoomcheTests.xctest */;
			productType = "com.apple.product-type.bundle.unit-test";
		};
		03B6DD542422CDED00CC0B7F /* BoomcheUITests */ = {
			isa = PBXNativeTarget;
			buildConfigurationList = 03B6DD642422CDED00CC0B7F /* Build configuration list for PBXNativeTarget "BoomcheUITests" */;
			buildPhases = (
				4940ED55EDC966F4B17CD602 /* [CP] Check Pods Manifest.lock */,
				03B6DD512422CDED00CC0B7F /* Sources */,
				03B6DD522422CDED00CC0B7F /* Frameworks */,
				03B6DD532422CDED00CC0B7F /* Resources */,
				938056C95F05BD8265A76CDB /* [CP] Embed Pods Frameworks */,
			);
			buildRules = (
			);
			dependencies = (
				03B6DD572422CDED00CC0B7F /* PBXTargetDependency */,
			);
			name = BoomcheUITests;
			productName = KhatKhatiUITests;
			productReference = 03B6DD552422CDED00CC0B7F /* BoomcheUITests.xctest */;
			productType = "com.apple.product-type.bundle.ui-testing";
		};
/* End PBXNativeTarget section */

/* Begin PBXProject section */
		03B6DD292422CDEB00CC0B7F /* Project object */ = {
			isa = PBXProject;
			attributes = {
				LastSwiftUpdateCheck = 1130;
				LastUpgradeCheck = 1130;
				ORGANIZATIONNAME = "Sara Babaei";
				TargetAttributes = {
					03B6DD302422CDEB00CC0B7F = {
						CreatedOnToolsVersion = 11.3.1;
					};
					03B6DD492422CDEC00CC0B7F = {
						CreatedOnToolsVersion = 11.3.1;
						TestTargetID = 03B6DD302422CDEB00CC0B7F;
					};
					03B6DD542422CDED00CC0B7F = {
						CreatedOnToolsVersion = 11.3.1;
						TestTargetID = 03B6DD302422CDEB00CC0B7F;
					};
				};
			};
			buildConfigurationList = 03B6DD2C2422CDEB00CC0B7F /* Build configuration list for PBXProject "Boomche" */;
			compatibilityVersion = "Xcode 9.3";
			developmentRegion = en;
			hasScannedForEncodings = 0;
			knownRegions = (
				en,
				Base,
			);
			mainGroup = 03B6DD282422CDEB00CC0B7F;
			productRefGroup = 03B6DD322422CDEB00CC0B7F /* Products */;
			projectDirPath = "";
			projectRoot = "";
			targets = (
				03B6DD302422CDEB00CC0B7F /* Boomche */,
				03B6DD492422CDEC00CC0B7F /* BoomcheTests */,
				03B6DD542422CDED00CC0B7F /* BoomcheUITests */,
			);
		};
/* End PBXProject section */

/* Begin PBXResourcesBuildPhase section */
		03B6DD2F2422CDEB00CC0B7F /* Resources */ = {
			isa = PBXResourcesBuildPhase;
			buildActionMask = 2147483647;
			files = (
				03B6DD732422F4B700CC0B7F /* Vazir-Bold.ttf in Resources */,
				03B6DD442422CDEC00CC0B7F /* LaunchScreen.storyboard in Resources */,
				03B6DD752422F4B700CC0B7F /* Vazir-Thin.ttf in Resources */,
				03B6DD762422F4B700CC0B7F /* Vazir.ttf in Resources */,
				03B6DD412422CDEC00CC0B7F /* Assets.xcassets in Resources */,
				03B6DD742422F4B700CC0B7F /* Vazir-Black.ttf in Resources */,
				03B6DD772422F4B700CC0B7F /* Vazir-Medium.ttf in Resources */,
				03B6DD3C2422CDEB00CC0B7F /* Main.storyboard in Resources */,
			);
			runOnlyForDeploymentPostprocessing = 0;
		};
		03B6DD482422CDEC00CC0B7F /* Resources */ = {
			isa = PBXResourcesBuildPhase;
			buildActionMask = 2147483647;
			files = (
			);
			runOnlyForDeploymentPostprocessing = 0;
		};
		03B6DD532422CDED00CC0B7F /* Resources */ = {
			isa = PBXResourcesBuildPhase;
			buildActionMask = 2147483647;
			files = (
			);
			runOnlyForDeploymentPostprocessing = 0;
		};
/* End PBXResourcesBuildPhase section */

/* Begin PBXShellScriptBuildPhase section */
		4940ED55EDC966F4B17CD602 /* [CP] Check Pods Manifest.lock */ = {
			isa = PBXShellScriptBuildPhase;
			buildActionMask = 2147483647;
			files = (
			);
			inputFileListPaths = (
			);
			inputPaths = (
				"${PODS_PODFILE_DIR_PATH}/Podfile.lock",
				"${PODS_ROOT}/Manifest.lock",
			);
			name = "[CP] Check Pods Manifest.lock";
			outputFileListPaths = (
			);
			outputPaths = (
				"$(DERIVED_FILE_DIR)/Pods-KhatKhati-KhatKhatiUITests-checkManifestLockResult.txt",
			);
			runOnlyForDeploymentPostprocessing = 0;
			shellPath = /bin/sh;
			shellScript = "diff \"${PODS_PODFILE_DIR_PATH}/Podfile.lock\" \"${PODS_ROOT}/Manifest.lock\" > /dev/null\nif [ $? != 0 ] ; then\n    # print error to STDERR\n    echo \"error: The sandbox is not in sync with the Podfile.lock. Run 'pod install' or update your CocoaPods installation.\" >&2\n    exit 1\nfi\n# This output is used by Xcode 'outputs' to avoid re-running this script phase.\necho \"SUCCESS\" > \"${SCRIPT_OUTPUT_FILE_0}\"\n";
			showEnvVarsInLog = 0;
		};
		93697609A4876F99EFE07CA9 /* [CP] Check Pods Manifest.lock */ = {
			isa = PBXShellScriptBuildPhase;
			buildActionMask = 2147483647;
			files = (
			);
			inputFileListPaths = (
			);
			inputPaths = (
				"${PODS_PODFILE_DIR_PATH}/Podfile.lock",
				"${PODS_ROOT}/Manifest.lock",
			);
			name = "[CP] Check Pods Manifest.lock";
			outputFileListPaths = (
			);
			outputPaths = (
				"$(DERIVED_FILE_DIR)/Pods-KhatKhatiTests-checkManifestLockResult.txt",
			);
			runOnlyForDeploymentPostprocessing = 0;
			shellPath = /bin/sh;
			shellScript = "diff \"${PODS_PODFILE_DIR_PATH}/Podfile.lock\" \"${PODS_ROOT}/Manifest.lock\" > /dev/null\nif [ $? != 0 ] ; then\n    # print error to STDERR\n    echo \"error: The sandbox is not in sync with the Podfile.lock. Run 'pod install' or update your CocoaPods installation.\" >&2\n    exit 1\nfi\n# This output is used by Xcode 'outputs' to avoid re-running this script phase.\necho \"SUCCESS\" > \"${SCRIPT_OUTPUT_FILE_0}\"\n";
			showEnvVarsInLog = 0;
		};
		938056C95F05BD8265A76CDB /* [CP] Embed Pods Frameworks */ = {
			isa = PBXShellScriptBuildPhase;
			buildActionMask = 2147483647;
			files = (
			);
			inputFileListPaths = (
				"${PODS_ROOT}/Target Support Files/Pods-KhatKhati-KhatKhatiUITests/Pods-KhatKhati-KhatKhatiUITests-frameworks-${CONFIGURATION}-input-files.xcfilelist",
			);
			name = "[CP] Embed Pods Frameworks";
			outputFileListPaths = (
				"${PODS_ROOT}/Target Support Files/Pods-KhatKhati-KhatKhatiUITests/Pods-KhatKhati-KhatKhatiUITests-frameworks-${CONFIGURATION}-output-files.xcfilelist",
			);
			runOnlyForDeploymentPostprocessing = 0;
			shellPath = /bin/sh;
			shellScript = "\"${PODS_ROOT}/Target Support Files/Pods-KhatKhati-KhatKhatiUITests/Pods-KhatKhati-KhatKhatiUITests-frameworks.sh\"\n";
			showEnvVarsInLog = 0;
		};
		A0F22CE38799A277CB19CB54 /* [CP] Embed Pods Frameworks */ = {
			isa = PBXShellScriptBuildPhase;
			buildActionMask = 2147483647;
			files = (
			);
			inputFileListPaths = (
				"${PODS_ROOT}/Target Support Files/Pods-KhatKhati/Pods-KhatKhati-frameworks-${CONFIGURATION}-input-files.xcfilelist",
			);
			name = "[CP] Embed Pods Frameworks";
			outputFileListPaths = (
				"${PODS_ROOT}/Target Support Files/Pods-KhatKhati/Pods-KhatKhati-frameworks-${CONFIGURATION}-output-files.xcfilelist",
			);
			runOnlyForDeploymentPostprocessing = 0;
			shellPath = /bin/sh;
			shellScript = "\"${PODS_ROOT}/Target Support Files/Pods-KhatKhati/Pods-KhatKhati-frameworks.sh\"\n";
			showEnvVarsInLog = 0;
		};
		A1FC195D687533161FEF9A2E /* [CP] Check Pods Manifest.lock */ = {
			isa = PBXShellScriptBuildPhase;
			buildActionMask = 2147483647;
			files = (
			);
			inputFileListPaths = (
			);
			inputPaths = (
				"${PODS_PODFILE_DIR_PATH}/Podfile.lock",
				"${PODS_ROOT}/Manifest.lock",
			);
			name = "[CP] Check Pods Manifest.lock";
			outputFileListPaths = (
			);
			outputPaths = (
				"$(DERIVED_FILE_DIR)/Pods-KhatKhati-checkManifestLockResult.txt",
			);
			runOnlyForDeploymentPostprocessing = 0;
			shellPath = /bin/sh;
			shellScript = "diff \"${PODS_PODFILE_DIR_PATH}/Podfile.lock\" \"${PODS_ROOT}/Manifest.lock\" > /dev/null\nif [ $? != 0 ] ; then\n    # print error to STDERR\n    echo \"error: The sandbox is not in sync with the Podfile.lock. Run 'pod install' or update your CocoaPods installation.\" >&2\n    exit 1\nfi\n# This output is used by Xcode 'outputs' to avoid re-running this script phase.\necho \"SUCCESS\" > \"${SCRIPT_OUTPUT_FILE_0}\"\n";
			showEnvVarsInLog = 0;
		};
/* End PBXShellScriptBuildPhase section */

/* Begin PBXSourcesBuildPhase section */
		03B6DD2D2422CDEB00CC0B7F /* Sources */ = {
			isa = PBXSourcesBuildPhase;
			buildActionMask = 2147483647;
			files = (
				037582F42448CF7D00B67C3C /* ScoreTableViewCell.swift in Sources */,
				03F287DF2423F2320024937C /* CustomLabel.swift in Sources */,
				0323C15F242EB6A20074856A /* SocketIOManager.swift in Sources */,
				03C544BD2424EF3B00C4049C /* Color.swift in Sources */,
				03C727282426584300334429 /* GradientView.swift in Sources */,
				03B6DD392422CDEB00CC0B7F /* HomeViewController.swift in Sources */,
				03F287DD2423D9FB0024937C /* NewLobbyViewController.swift in Sources */,
				03B6DD352422CDEB00CC0B7F /* AppDelegate.swift in Sources */,
				03506C02243257EE0052DE06 /* TimerSetting.swift in Sources */,
				037582F22448AD5800B67C3C /* WaitingViewController.swift in Sources */,
				03506C0424329D990052DE06 /* GameConstants.swift in Sources */,
				03D2FF3F2437503F008D9CB7 /* ChoosingWordViewController.swift in Sources */,
				03B6DD372422CDEB00CC0B7F /* SceneDelegate.swift in Sources */,
				03D2FF412437A875008D9CB7 /* ScoresViewController.swift in Sources */,
				03B100E8242973E7009418D2 /* GuessingViewController.swift in Sources */,
				03B6DD3F2422CDEB00CC0B7F /* KhatKhati.xcdatamodeld in Sources */,
				03C544BF2424F0C200C4049C /* Colors.swift in Sources */,
				03BB1E88243E531C00459FDE /* MessageTableViewCell.swift in Sources */,
				037582F62448EA2600B67C3C /* Player.swift in Sources */,
				03CA7C65243C69D600578B60 /* UIApplication.swift in Sources */,
				0381AAB5243F6D7900C4E1DE /* Message.swift in Sources */,
				033602432427AF4B00925975 /* DrawingViewController.swift in Sources */,
				03BA7664243548E200E0B345 /* Drawing.swift in Sources */,
				03D5526E24245D8300969560 /* JoinGameViewController.swift in Sources */,
				03B6DD6D2422E01000CC0B7F /* CustomButton.swift in Sources */,
				032B6D382426B40E00F7AA13 /* LoadingViewController.swift in Sources */,
			);
			runOnlyForDeploymentPostprocessing = 0;
		};
		03B6DD462422CDEC00CC0B7F /* Sources */ = {
			isa = PBXSourcesBuildPhase;
			buildActionMask = 2147483647;
			files = (
				03B6DD4F2422CDED00CC0B7F /* KhatKhatiTests.swift in Sources */,
			);
			runOnlyForDeploymentPostprocessing = 0;
		};
		03B6DD512422CDED00CC0B7F /* Sources */ = {
			isa = PBXSourcesBuildPhase;
			buildActionMask = 2147483647;
			files = (
				03B6DD5A2422CDED00CC0B7F /* KhatKhatiUITests.swift in Sources */,
			);
			runOnlyForDeploymentPostprocessing = 0;
		};
/* End PBXSourcesBuildPhase section */

/* Begin PBXTargetDependency section */
		03B6DD4C2422CDEC00CC0B7F /* PBXTargetDependency */ = {
			isa = PBXTargetDependency;
			target = 03B6DD302422CDEB00CC0B7F /* Boomche */;
			targetProxy = 03B6DD4B2422CDEC00CC0B7F /* PBXContainerItemProxy */;
		};
		03B6DD572422CDED00CC0B7F /* PBXTargetDependency */ = {
			isa = PBXTargetDependency;
			target = 03B6DD302422CDEB00CC0B7F /* Boomche */;
			targetProxy = 03B6DD562422CDED00CC0B7F /* PBXContainerItemProxy */;
		};
/* End PBXTargetDependency section */

/* Begin PBXVariantGroup section */
		03B6DD3A2422CDEB00CC0B7F /* Main.storyboard */ = {
			isa = PBXVariantGroup;
			children = (
				03B6DD3B2422CDEB00CC0B7F /* Base */,
			);
			name = Main.storyboard;
			sourceTree = "<group>";
		};
		03B6DD422422CDEC00CC0B7F /* LaunchScreen.storyboard */ = {
			isa = PBXVariantGroup;
			children = (
				03B6DD432422CDEC00CC0B7F /* Base */,
			);
			name = LaunchScreen.storyboard;
			sourceTree = "<group>";
		};
/* End PBXVariantGroup section */

/* Begin XCBuildConfiguration section */
		03B6DD5C2422CDED00CC0B7F /* Debug */ = {
			isa = XCBuildConfiguration;
			buildSettings = {
				ALWAYS_SEARCH_USER_PATHS = NO;
				CLANG_ANALYZER_NONNULL = YES;
				CLANG_ANALYZER_NUMBER_OBJECT_CONVERSION = YES_AGGRESSIVE;
				CLANG_CXX_LANGUAGE_STANDARD = "gnu++14";
				CLANG_CXX_LIBRARY = "libc++";
				CLANG_ENABLE_MODULES = YES;
				CLANG_ENABLE_OBJC_ARC = YES;
				CLANG_ENABLE_OBJC_WEAK = YES;
				CLANG_WARN_BLOCK_CAPTURE_AUTORELEASING = YES;
				CLANG_WARN_BOOL_CONVERSION = YES;
				CLANG_WARN_COMMA = YES;
				CLANG_WARN_CONSTANT_CONVERSION = YES;
				CLANG_WARN_DEPRECATED_OBJC_IMPLEMENTATIONS = YES;
				CLANG_WARN_DIRECT_OBJC_ISA_USAGE = YES_ERROR;
				CLANG_WARN_DOCUMENTATION_COMMENTS = YES;
				CLANG_WARN_EMPTY_BODY = YES;
				CLANG_WARN_ENUM_CONVERSION = YES;
				CLANG_WARN_INFINITE_RECURSION = YES;
				CLANG_WARN_INT_CONVERSION = YES;
				CLANG_WARN_NON_LITERAL_NULL_CONVERSION = YES;
				CLANG_WARN_OBJC_IMPLICIT_RETAIN_SELF = YES;
				CLANG_WARN_OBJC_LITERAL_CONVERSION = YES;
				CLANG_WARN_OBJC_ROOT_CLASS = YES_ERROR;
				CLANG_WARN_RANGE_LOOP_ANALYSIS = YES;
				CLANG_WARN_STRICT_PROTOTYPES = YES;
				CLANG_WARN_SUSPICIOUS_MOVE = YES;
				CLANG_WARN_UNGUARDED_AVAILABILITY = YES_AGGRESSIVE;
				CLANG_WARN_UNREACHABLE_CODE = YES;
				CLANG_WARN__DUPLICATE_METHOD_MATCH = YES;
				COPY_PHASE_STRIP = NO;
				DEBUG_INFORMATION_FORMAT = dwarf;
				ENABLE_STRICT_OBJC_MSGSEND = YES;
				ENABLE_TESTABILITY = YES;
				GCC_C_LANGUAGE_STANDARD = gnu11;
				GCC_DYNAMIC_NO_PIC = NO;
				GCC_NO_COMMON_BLOCKS = YES;
				GCC_OPTIMIZATION_LEVEL = 0;
				GCC_PREPROCESSOR_DEFINITIONS = (
					"DEBUG=1",
					"$(inherited)",
				);
				GCC_WARN_64_TO_32_BIT_CONVERSION = YES;
				GCC_WARN_ABOUT_RETURN_TYPE = YES_ERROR;
				GCC_WARN_UNDECLARED_SELECTOR = YES;
				GCC_WARN_UNINITIALIZED_AUTOS = YES_AGGRESSIVE;
				GCC_WARN_UNUSED_FUNCTION = YES;
				GCC_WARN_UNUSED_VARIABLE = YES;
				IPHONEOS_DEPLOYMENT_TARGET = 13.2;
				MTL_ENABLE_DEBUG_INFO = INCLUDE_SOURCE;
				MTL_FAST_MATH = YES;
				ONLY_ACTIVE_ARCH = YES;
				SDKROOT = iphoneos;
				SWIFT_ACTIVE_COMPILATION_CONDITIONS = DEBUG;
				SWIFT_OPTIMIZATION_LEVEL = "-Onone";
			};
			name = Debug;
		};
		03B6DD5D2422CDED00CC0B7F /* Release */ = {
			isa = XCBuildConfiguration;
			buildSettings = {
				ALWAYS_SEARCH_USER_PATHS = NO;
				CLANG_ANALYZER_NONNULL = YES;
				CLANG_ANALYZER_NUMBER_OBJECT_CONVERSION = YES_AGGRESSIVE;
				CLANG_CXX_LANGUAGE_STANDARD = "gnu++14";
				CLANG_CXX_LIBRARY = "libc++";
				CLANG_ENABLE_MODULES = YES;
				CLANG_ENABLE_OBJC_ARC = YES;
				CLANG_ENABLE_OBJC_WEAK = YES;
				CLANG_WARN_BLOCK_CAPTURE_AUTORELEASING = YES;
				CLANG_WARN_BOOL_CONVERSION = YES;
				CLANG_WARN_COMMA = YES;
				CLANG_WARN_CONSTANT_CONVERSION = YES;
				CLANG_WARN_DEPRECATED_OBJC_IMPLEMENTATIONS = YES;
				CLANG_WARN_DIRECT_OBJC_ISA_USAGE = YES_ERROR;
				CLANG_WARN_DOCUMENTATION_COMMENTS = YES;
				CLANG_WARN_EMPTY_BODY = YES;
				CLANG_WARN_ENUM_CONVERSION = YES;
				CLANG_WARN_INFINITE_RECURSION = YES;
				CLANG_WARN_INT_CONVERSION = YES;
				CLANG_WARN_NON_LITERAL_NULL_CONVERSION = YES;
				CLANG_WARN_OBJC_IMPLICIT_RETAIN_SELF = YES;
				CLANG_WARN_OBJC_LITERAL_CONVERSION = YES;
				CLANG_WARN_OBJC_ROOT_CLASS = YES_ERROR;
				CLANG_WARN_RANGE_LOOP_ANALYSIS = YES;
				CLANG_WARN_STRICT_PROTOTYPES = YES;
				CLANG_WARN_SUSPICIOUS_MOVE = YES;
				CLANG_WARN_UNGUARDED_AVAILABILITY = YES_AGGRESSIVE;
				CLANG_WARN_UNREACHABLE_CODE = YES;
				CLANG_WARN__DUPLICATE_METHOD_MATCH = YES;
				COPY_PHASE_STRIP = NO;
				DEBUG_INFORMATION_FORMAT = "dwarf-with-dsym";
				ENABLE_NS_ASSERTIONS = NO;
				ENABLE_STRICT_OBJC_MSGSEND = YES;
				GCC_C_LANGUAGE_STANDARD = gnu11;
				GCC_NO_COMMON_BLOCKS = YES;
				GCC_WARN_64_TO_32_BIT_CONVERSION = YES;
				GCC_WARN_ABOUT_RETURN_TYPE = YES_ERROR;
				GCC_WARN_UNDECLARED_SELECTOR = YES;
				GCC_WARN_UNINITIALIZED_AUTOS = YES_AGGRESSIVE;
				GCC_WARN_UNUSED_FUNCTION = YES;
				GCC_WARN_UNUSED_VARIABLE = YES;
				IPHONEOS_DEPLOYMENT_TARGET = 13.2;
				MTL_ENABLE_DEBUG_INFO = NO;
				MTL_FAST_MATH = YES;
				SDKROOT = iphoneos;
				SWIFT_COMPILATION_MODE = wholemodule;
				SWIFT_OPTIMIZATION_LEVEL = "-O";
				VALIDATE_PRODUCT = YES;
			};
			name = Release;
		};
		03B6DD5F2422CDED00CC0B7F /* Debug */ = {
			isa = XCBuildConfiguration;
			baseConfigurationReference = 3C9759B4171F56EC00C68930 /* Pods-KhatKhati.debug.xcconfig */;
			buildSettings = {
				ASSETCATALOG_COMPILER_APPICON_NAME = AppIcon;
				CODE_SIGN_STYLE = Automatic;
				CURRENT_PROJECT_VERSION = 1.0.1;
				DEVELOPMENT_TEAM = 3QN7DG53LR;
				INFOPLIST_FILE = "$(SRCROOT)/Boomche/Info.plist";
				IPHONEOS_DEPLOYMENT_TARGET = 11.2;
				LD_RUNPATH_SEARCH_PATHS = (
					"$(inherited)",
					"@executable_path/Frameworks",
				);
				PRODUCT_BUNDLE_IDENTIFIER = org.aut.Boomche;
				PRODUCT_NAME = Boomche;
				SWIFT_VERSION = 5.0;
				TARGETED_DEVICE_FAMILY = "1,2";
			};
			name = Debug;
		};
		03B6DD602422CDED00CC0B7F /* Release */ = {
			isa = XCBuildConfiguration;
			baseConfigurationReference = 2E44E5E8761B87A77EA99321 /* Pods-KhatKhati.release.xcconfig */;
			buildSettings = {
				ASSETCATALOG_COMPILER_APPICON_NAME = AppIcon;
				CODE_SIGN_STYLE = Automatic;
				CURRENT_PROJECT_VERSION = 1.0.1;
				DEVELOPMENT_TEAM = 3QN7DG53LR;
				INFOPLIST_FILE = "$(SRCROOT)/Boomche/Info.plist";
				IPHONEOS_DEPLOYMENT_TARGET = 11.2;
				LD_RUNPATH_SEARCH_PATHS = (
					"$(inherited)",
					"@executable_path/Frameworks",
				);
				PRODUCT_BUNDLE_IDENTIFIER = org.aut.Boomche;
				PRODUCT_NAME = Boomche;
				SWIFT_VERSION = 5.0;
				TARGETED_DEVICE_FAMILY = "1,2";
			};
			name = Release;
		};
		03B6DD622422CDED00CC0B7F /* Debug */ = {
			isa = XCBuildConfiguration;
			baseConfigurationReference = 8676DC8918C964F2D2574E35 /* Pods-KhatKhatiTests.debug.xcconfig */;
			buildSettings = {
				ALWAYS_EMBED_SWIFT_STANDARD_LIBRARIES = YES;
				BUNDLE_LOADER = "$(TEST_HOST)";
				CODE_SIGN_STYLE = Automatic;
				DEVELOPMENT_TEAM = 3QN7DG53LR;
				INFOPLIST_FILE = KhatKhatiTests/Info.plist;
				IPHONEOS_DEPLOYMENT_TARGET = 13.2;
				LD_RUNPATH_SEARCH_PATHS = (
					"$(inherited)",
					"@executable_path/Frameworks",
					"@loader_path/Frameworks",
				);
				PRODUCT_BUNDLE_IDENTIFIER = org.aut.KhatKhatiTests;
				PRODUCT_NAME = "$(TARGET_NAME)";
				SWIFT_VERSION = 5.0;
				TARGETED_DEVICE_FAMILY = "1,2";
				TEST_HOST = "$(BUILT_PRODUCTS_DIR)/Boomche.app/Boomche";
			};
			name = Debug;
		};
		03B6DD632422CDED00CC0B7F /* Release */ = {
			isa = XCBuildConfiguration;
			baseConfigurationReference = 99E0B7B55AFDFA858DF42D17 /* Pods-KhatKhatiTests.release.xcconfig */;
			buildSettings = {
				ALWAYS_EMBED_SWIFT_STANDARD_LIBRARIES = YES;
				BUNDLE_LOADER = "$(TEST_HOST)";
				CODE_SIGN_STYLE = Automatic;
				DEVELOPMENT_TEAM = 3QN7DG53LR;
				INFOPLIST_FILE = KhatKhatiTests/Info.plist;
				IPHONEOS_DEPLOYMENT_TARGET = 13.2;
				LD_RUNPATH_SEARCH_PATHS = (
					"$(inherited)",
					"@executable_path/Frameworks",
					"@loader_path/Frameworks",
				);
				PRODUCT_BUNDLE_IDENTIFIER = org.aut.KhatKhatiTests;
				PRODUCT_NAME = "$(TARGET_NAME)";
				SWIFT_VERSION = 5.0;
				TARGETED_DEVICE_FAMILY = "1,2";
				TEST_HOST = "$(BUILT_PRODUCTS_DIR)/Boomche.app/Boomche";
			};
			name = Release;
		};
		03B6DD652422CDED00CC0B7F /* Debug */ = {
			isa = XCBuildConfiguration;
			baseConfigurationReference = E3ED174C318A019BCAA3A2F3 /* Pods-KhatKhati-KhatKhatiUITests.debug.xcconfig */;
			buildSettings = {
				ALWAYS_EMBED_SWIFT_STANDARD_LIBRARIES = YES;
				CODE_SIGN_STYLE = Automatic;
				DEVELOPMENT_TEAM = 3QN7DG53LR;
				INFOPLIST_FILE = KhatKhatiUITests/Info.plist;
				LD_RUNPATH_SEARCH_PATHS = (
					"$(inherited)",
					"@executable_path/Frameworks",
					"@loader_path/Frameworks",
				);
				PRODUCT_BUNDLE_IDENTIFIER = org.aut.KhatKhatiUITests;
				PRODUCT_NAME = "$(TARGET_NAME)";
				SWIFT_VERSION = 5.0;
				TARGETED_DEVICE_FAMILY = "1,2";
				TEST_TARGET_NAME = KhatKhati;
			};
			name = Debug;
		};
		03B6DD662422CDED00CC0B7F /* Release */ = {
			isa = XCBuildConfiguration;
			baseConfigurationReference = 9CB3A168AFFDD51CDB80CCD2 /* Pods-KhatKhati-KhatKhatiUITests.release.xcconfig */;
			buildSettings = {
				ALWAYS_EMBED_SWIFT_STANDARD_LIBRARIES = YES;
				CODE_SIGN_STYLE = Automatic;
				DEVELOPMENT_TEAM = 3QN7DG53LR;
				INFOPLIST_FILE = KhatKhatiUITests/Info.plist;
				LD_RUNPATH_SEARCH_PATHS = (
					"$(inherited)",
					"@executable_path/Frameworks",
					"@loader_path/Frameworks",
				);
				PRODUCT_BUNDLE_IDENTIFIER = org.aut.KhatKhatiUITests;
				PRODUCT_NAME = "$(TARGET_NAME)";
				SWIFT_VERSION = 5.0;
				TARGETED_DEVICE_FAMILY = "1,2";
				TEST_TARGET_NAME = KhatKhati;
			};
			name = Release;
		};
/* End XCBuildConfiguration section */

/* Begin XCConfigurationList section */
		03B6DD2C2422CDEB00CC0B7F /* Build configuration list for PBXProject "Boomche" */ = {
			isa = XCConfigurationList;
			buildConfigurations = (
				03B6DD5C2422CDED00CC0B7F /* Debug */,
				03B6DD5D2422CDED00CC0B7F /* Release */,
			);
			defaultConfigurationIsVisible = 0;
			defaultConfigurationName = Release;
		};
		03B6DD5E2422CDED00CC0B7F /* Build configuration list for PBXNativeTarget "Boomche" */ = {
			isa = XCConfigurationList;
			buildConfigurations = (
				03B6DD5F2422CDED00CC0B7F /* Debug */,
				03B6DD602422CDED00CC0B7F /* Release */,
			);
			defaultConfigurationIsVisible = 0;
			defaultConfigurationName = Release;
		};
		03B6DD612422CDED00CC0B7F /* Build configuration list for PBXNativeTarget "BoomcheTests" */ = {
			isa = XCConfigurationList;
			buildConfigurations = (
				03B6DD622422CDED00CC0B7F /* Debug */,
				03B6DD632422CDED00CC0B7F /* Release */,
			);
			defaultConfigurationIsVisible = 0;
			defaultConfigurationName = Release;
		};
		03B6DD642422CDED00CC0B7F /* Build configuration list for PBXNativeTarget "BoomcheUITests" */ = {
			isa = XCConfigurationList;
			buildConfigurations = (
				03B6DD652422CDED00CC0B7F /* Debug */,
				03B6DD662422CDED00CC0B7F /* Release */,
			);
			defaultConfigurationIsVisible = 0;
			defaultConfigurationName = Release;
		};
/* End XCConfigurationList section */

/* Begin XCVersionGroup section */
		03B6DD3D2422CDEB00CC0B7F /* KhatKhati.xcdatamodeld */ = {
			isa = XCVersionGroup;
			children = (
				03B6DD3E2422CDEB00CC0B7F /* KhatKhati.xcdatamodel */,
			);
			currentVersion = 03B6DD3E2422CDEB00CC0B7F /* KhatKhati.xcdatamodel */;
			path = KhatKhati.xcdatamodeld;
			sourceTree = "<group>";
			versionGroupType = wrapper.xcdatamodel;
		};
/* End XCVersionGroup section */
	};
	rootObject = 03B6DD292422CDEB00CC0B7F /* Project object */;
}
